// !$*UTF8*$!
{
	archiveVersion = 1;
	classes = {
	};
	objectVersion = 46;
	objects = {

/* Begin PBXBuildFile section */
		E137D94415A867AF0004D8C2 /* UIKit.framework in Frameworks */ = {isa = PBXBuildFile; fileRef = E137D94315A867AF0004D8C2 /* UIKit.framework */; };
		E137D94615A867AF0004D8C2 /* Foundation.framework in Frameworks */ = {isa = PBXBuildFile; fileRef = E137D94515A867AF0004D8C2 /* Foundation.framework */; };
		E137D94815A867AF0004D8C2 /* CoreGraphics.framework in Frameworks */ = {isa = PBXBuildFile; fileRef = E137D94715A867AF0004D8C2 /* CoreGraphics.framework */; };
		E137D94E15A867AF0004D8C2 /* InfoPlist.strings in Resources */ = {isa = PBXBuildFile; fileRef = E137D94C15A867AF0004D8C2 /* InfoPlist.strings */; };
		E137D95015A867AF0004D8C2 /* main.m in Sources */ = {isa = PBXBuildFile; fileRef = E137D94F15A867AF0004D8C2 /* main.m */; };
		E137D95415A867AF0004D8C2 /* AppDelegate.m in Sources */ = {isa = PBXBuildFile; fileRef = E137D95315A867AF0004D8C2 /* AppDelegate.m */; };
		E137D95715A867AF0004D8C2 /* ViewController.m in Sources */ = {isa = PBXBuildFile; fileRef = E137D95615A867AF0004D8C2 /* ViewController.m */; };
		E137D95A15A867AF0004D8C2 /* ViewController.xib in Resources */ = {isa = PBXBuildFile; fileRef = E137D95815A867AF0004D8C2 /* ViewController.xib */; };
		E137D97C15A86E0F0004D8C2 /* CommunicationController.m in Sources */ = {isa = PBXBuildFile; fileRef = E137D97B15A86E0F0004D8C2 /* CommunicationController.m */; };
		E15831EF15AD610600A0DD33 /* account.png in Resources */ = {isa = PBXBuildFile; fileRef = E15831E215AD610600A0DD33 /* account.png */; };
		E15831F015AD610600A0DD33 /* accountsetting.png in Resources */ = {isa = PBXBuildFile; fileRef = E15831E315AD610600A0DD33 /* accountsetting.png */; };
		E15831F115AD610600A0DD33 /* calendar.png in Resources */ = {isa = PBXBuildFile; fileRef = E15831E415AD610600A0DD33 /* calendar.png */; };
		E15831F215AD610600A0DD33 /* camera.png in Resources */ = {isa = PBXBuildFile; fileRef = E15831E515AD610600A0DD33 /* camera.png */; };
		E15831F315AD610600A0DD33 /* facebook.png in Resources */ = {isa = PBXBuildFile; fileRef = E15831E615AD610600A0DD33 /* facebook.png */; };
		E15831F415AD610600A0DD33 /* ic_launcher.png in Resources */ = {isa = PBXBuildFile; fileRef = E15831E715AD610600A0DD33 /* ic_launcher.png */; };
		E15831F515AD610600A0DD33 /* image.png in Resources */ = {isa = PBXBuildFile; fileRef = E15831E815AD610600A0DD33 /* image.png */; };
		E15831F615AD610600A0DD33 /* logo.png in Resources */ = {isa = PBXBuildFile; fileRef = E15831E915AD610600A0DD33 /* logo.png */; };
		E15831F715AD610600A0DD33 /* logout.png in Resources */ = {isa = PBXBuildFile; fileRef = E15831EA15AD610600A0DD33 /* logout.png */; };
		E15831F815AD610600A0DD33 /* logoview.png in Resources */ = {isa = PBXBuildFile; fileRef = E15831EB15AD610600A0DD33 /* logoview.png */; };
		E15831F915AD610600A0DD33 /* ravenna.png in Resources */ = {isa = PBXBuildFile; fileRef = E15831EC15AD610600A0DD33 /* ravenna.png */; };
		E15831FA15AD610600A0DD33 /* twitter.png in Resources */ = {isa = PBXBuildFile; fileRef = E15831ED15AD610600A0DD33 /* twitter.png */; };
		E15831FB15AD610600A0DD33 /* updateimage.png in Resources */ = {isa = PBXBuildFile; fileRef = E15831EE15AD610600A0DD33 /* updateimage.png */; };
		E1B56DCD15AD5D9900A78582 /* NSData+Base64.m in Sources */ = {isa = PBXBuildFile; fileRef = E1B56DC615AD5D9900A78582 /* NSData+Base64.m */; };
		E1B56E0415AD5E2D00A78582 /* NSObject+SBJson.m in Sources */ = {isa = PBXBuildFile; fileRef = E1B56DEC15AD5E2D00A78582 /* NSObject+SBJson.m */; };
		E1B56E0515AD5E2D00A78582 /* SBJsonParser.m in Sources */ = {isa = PBXBuildFile; fileRef = E1B56DEF15AD5E2D00A78582 /* SBJsonParser.m */; };
		E1B56E0615AD5E2D00A78582 /* SBJsonStreamParser.m in Sources */ = {isa = PBXBuildFile; fileRef = E1B56DF115AD5E2D00A78582 /* SBJsonStreamParser.m */; };
		E1B56E0715AD5E2D00A78582 /* SBJsonStreamParserAccumulator.m in Sources */ = {isa = PBXBuildFile; fileRef = E1B56DF315AD5E2D00A78582 /* SBJsonStreamParserAccumulator.m */; };
		E1B56E0815AD5E2D00A78582 /* SBJsonStreamParserAdapter.m in Sources */ = {isa = PBXBuildFile; fileRef = E1B56DF515AD5E2D00A78582 /* SBJsonStreamParserAdapter.m */; };
		E1B56E0915AD5E2D00A78582 /* SBJsonStreamParserState.m in Sources */ = {isa = PBXBuildFile; fileRef = E1B56DF715AD5E2D00A78582 /* SBJsonStreamParserState.m */; };
		E1B56E0A15AD5E2D00A78582 /* SBJsonStreamWriter.m in Sources */ = {isa = PBXBuildFile; fileRef = E1B56DF915AD5E2D00A78582 /* SBJsonStreamWriter.m */; };
		E1B56E0B15AD5E2D00A78582 /* SBJsonStreamWriterAccumulator.m in Sources */ = {isa = PBXBuildFile; fileRef = E1B56DFB15AD5E2D00A78582 /* SBJsonStreamWriterAccumulator.m */; };
		E1B56E0C15AD5E2D00A78582 /* SBJsonStreamWriterState.m in Sources */ = {isa = PBXBuildFile; fileRef = E1B56DFD15AD5E2D00A78582 /* SBJsonStreamWriterState.m */; };
		E1B56E0D15AD5E2D00A78582 /* SBJsonTokeniser.m in Sources */ = {isa = PBXBuildFile; fileRef = E1B56DFF15AD5E2D00A78582 /* SBJsonTokeniser.m */; };
		E1B56E0E15AD5E2D00A78582 /* SBJsonUTF8Stream.m in Sources */ = {isa = PBXBuildFile; fileRef = E1B56E0115AD5E2D00A78582 /* SBJsonUTF8Stream.m */; };
		E1B56E0F15AD5E2D00A78582 /* SBJsonWriter.m in Sources */ = {isa = PBXBuildFile; fileRef = E1B56E0315AD5E2D00A78582 /* SBJsonWriter.m */; };
		E1BCDAC615AAC184000F038E /* SignupViewController.m in Sources */ = {isa = PBXBuildFile; fileRef = E1BCDAC415AAC184000F038E /* SignupViewController.m */; };
		E1BCDAC715AAC184000F038E /* SignupViewController.xib in Resources */ = {isa = PBXBuildFile; fileRef = E1BCDAC515AAC184000F038E /* SignupViewController.xib */; };
		E1BCDAD015AB1BDC000F038E /* User.m in Sources */ = {isa = PBXBuildFile; fileRef = E1BCDACF15AB1BDC000F038E /* User.m */; };
		E1F6EEA015A88C2B00B8ABF7 /* ic_launcher.png in Resources */ = {isa = PBXBuildFile; fileRef = E1F6EE9F15A88C2B00B8ABF7 /* ic_launcher.png */; };
/* End PBXBuildFile section */

/* Begin PBXFileReference section */
		E137D93F15A867AF0004D8C2 /* Geowall.app */ = {isa = PBXFileReference; explicitFileType = wrapper.application; includeInIndex = 0; path = Geowall.app; sourceTree = BUILT_PRODUCTS_DIR; };
		E137D94315A867AF0004D8C2 /* UIKit.framework */ = {isa = PBXFileReference; lastKnownFileType = wrapper.framework; name = UIKit.framework; path = System/Library/Frameworks/UIKit.framework; sourceTree = SDKROOT; };
		E137D94515A867AF0004D8C2 /* Foundation.framework */ = {isa = PBXFileReference; lastKnownFileType = wrapper.framework; name = Foundation.framework; path = System/Library/Frameworks/Foundation.framework; sourceTree = SDKROOT; };
		E137D94715A867AF0004D8C2 /* CoreGraphics.framework */ = {isa = PBXFileReference; lastKnownFileType = wrapper.framework; name = CoreGraphics.framework; path = System/Library/Frameworks/CoreGraphics.framework; sourceTree = SDKROOT; };
		E137D94B15A867AF0004D8C2 /* Geowall-Info.plist */ = {isa = PBXFileReference; lastKnownFileType = text.plist.xml; path = "Geowall-Info.plist"; sourceTree = "<group>"; };
		E137D94D15A867AF0004D8C2 /* en */ = {isa = PBXFileReference; lastKnownFileType = text.plist.strings; name = en; path = en.lproj/InfoPlist.strings; sourceTree = "<group>"; };
		E137D94F15A867AF0004D8C2 /* main.m */ = {isa = PBXFileReference; lastKnownFileType = sourcecode.c.objc; path = main.m; sourceTree = "<group>"; };
		E137D95115A867AF0004D8C2 /* Geowall-Prefix.pch */ = {isa = PBXFileReference; lastKnownFileType = sourcecode.c.h; path = "Geowall-Prefix.pch"; sourceTree = "<group>"; };
		E137D95215A867AF0004D8C2 /* AppDelegate.h */ = {isa = PBXFileReference; lastKnownFileType = sourcecode.c.h; path = AppDelegate.h; sourceTree = "<group>"; };
		E137D95315A867AF0004D8C2 /* AppDelegate.m */ = {isa = PBXFileReference; lastKnownFileType = sourcecode.c.objc; path = AppDelegate.m; sourceTree = "<group>"; };
		E137D95515A867AF0004D8C2 /* ViewController.h */ = {isa = PBXFileReference; lastKnownFileType = sourcecode.c.h; path = ViewController.h; sourceTree = "<group>"; };
		E137D95615A867AF0004D8C2 /* ViewController.m */ = {isa = PBXFileReference; lastKnownFileType = sourcecode.c.objc; path = ViewController.m; sourceTree = "<group>"; };
		E137D95915A867AF0004D8C2 /* en */ = {isa = PBXFileReference; lastKnownFileType = file.xib; name = en; path = en.lproj/ViewController.xib; sourceTree = "<group>"; };
		E137D97A15A86E0F0004D8C2 /* CommunicationController.h */ = {isa = PBXFileReference; fileEncoding = 4; lastKnownFileType = sourcecode.c.h; path = CommunicationController.h; sourceTree = "<group>"; };
		E137D97B15A86E0F0004D8C2 /* CommunicationController.m */ = {isa = PBXFileReference; fileEncoding = 4; lastKnownFileType = sourcecode.c.objc; path = CommunicationController.m; sourceTree = "<group>"; };
		E15831E215AD610600A0DD33 /* account.png */ = {isa = PBXFileReference; lastKnownFileType = image.png; path = account.png; sourceTree = "<group>"; };
		E15831E315AD610600A0DD33 /* accountsetting.png */ = {isa = PBXFileReference; lastKnownFileType = image.png; path = accountsetting.png; sourceTree = "<group>"; };
		E15831E415AD610600A0DD33 /* calendar.png */ = {isa = PBXFileReference; lastKnownFileType = image.png; path = calendar.png; sourceTree = "<group>"; };
		E15831E515AD610600A0DD33 /* camera.png */ = {isa = PBXFileReference; lastKnownFileType = image.png; path = camera.png; sourceTree = "<group>"; };
		E15831E615AD610600A0DD33 /* facebook.png */ = {isa = PBXFileReference; lastKnownFileType = image.png; path = facebook.png; sourceTree = "<group>"; };
		E15831E715AD610600A0DD33 /* ic_launcher.png */ = {isa = PBXFileReference; lastKnownFileType = image.png; path = ic_launcher.png; sourceTree = "<group>"; };
		E15831E815AD610600A0DD33 /* image.png */ = {isa = PBXFileReference; lastKnownFileType = image.png; path = image.png; sourceTree = "<group>"; };
		E15831E915AD610600A0DD33 /* logo.png */ = {isa = PBXFileReference; lastKnownFileType = image.png; path = logo.png; sourceTree = "<group>"; };
		E15831EA15AD610600A0DD33 /* logout.png */ = {isa = PBXFileReference; lastKnownFileType = image.png; path = logout.png; sourceTree = "<group>"; };
		E15831EB15AD610600A0DD33 /* logoview.png */ = {isa = PBXFileReference; lastKnownFileType = image.png; path = logoview.png; sourceTree = "<group>"; };
		E15831EC15AD610600A0DD33 /* ravenna.png */ = {isa = PBXFileReference; lastKnownFileType = image.png; path = ravenna.png; sourceTree = "<group>"; };
		E15831ED15AD610600A0DD33 /* twitter.png */ = {isa = PBXFileReference; lastKnownFileType = image.png; path = twitter.png; sourceTree = "<group>"; };
		E15831EE15AD610600A0DD33 /* updateimage.png */ = {isa = PBXFileReference; lastKnownFileType = image.png; path = updateimage.png; sourceTree = "<group>"; };
		E1B56DC515AD5D9900A78582 /* NSData+Base64.h */ = {isa = PBXFileReference; fileEncoding = 4; lastKnownFileType = sourcecode.c.h; path = "NSData+Base64.h"; sourceTree = "<group>"; };
		E1B56DC615AD5D9900A78582 /* NSData+Base64.m */ = {isa = PBXFileReference; fileEncoding = 4; lastKnownFileType = sourcecode.c.objc; path = "NSData+Base64.m"; sourceTree = "<group>"; };
		E1B56DEB15AD5E2D00A78582 /* NSObject+SBJson.h */ = {isa = PBXFileReference; fileEncoding = 4; lastKnownFileType = sourcecode.c.h; name = "NSObject+SBJson.h"; path = "SBJson/NSObject+SBJson.h"; sourceTree = "<group>"; };
		E1B56DEC15AD5E2D00A78582 /* NSObject+SBJson.m */ = {isa = PBXFileReference; fileEncoding = 4; lastKnownFileType = sourcecode.c.objc; name = "NSObject+SBJson.m"; path = "SBJson/NSObject+SBJson.m"; sourceTree = "<group>"; };
		E1B56DED15AD5E2D00A78582 /* SBJson.h */ = {isa = PBXFileReference; fileEncoding = 4; lastKnownFileType = sourcecode.c.h; name = SBJson.h; path = SBJson/SBJson.h; sourceTree = "<group>"; };
		E1B56DEE15AD5E2D00A78582 /* SBJsonParser.h */ = {isa = PBXFileReference; fileEncoding = 4; lastKnownFileType = sourcecode.c.h; name = SBJsonParser.h; path = SBJson/SBJsonParser.h; sourceTree = "<group>"; };
		E1B56DEF15AD5E2D00A78582 /* SBJsonParser.m */ = {isa = PBXFileReference; fileEncoding = 4; lastKnownFileType = sourcecode.c.objc; name = SBJsonParser.m; path = SBJson/SBJsonParser.m; sourceTree = "<group>"; };
		E1B56DF015AD5E2D00A78582 /* SBJsonStreamParser.h */ = {isa = PBXFileReference; fileEncoding = 4; lastKnownFileType = sourcecode.c.h; name = SBJsonStreamParser.h; path = SBJson/SBJsonStreamParser.h; sourceTree = "<group>"; };
		E1B56DF115AD5E2D00A78582 /* SBJsonStreamParser.m */ = {isa = PBXFileReference; fileEncoding = 4; lastKnownFileType = sourcecode.c.objc; name = SBJsonStreamParser.m; path = SBJson/SBJsonStreamParser.m; sourceTree = "<group>"; };
		E1B56DF215AD5E2D00A78582 /* SBJsonStreamParserAccumulator.h */ = {isa = PBXFileReference; fileEncoding = 4; lastKnownFileType = sourcecode.c.h; name = SBJsonStreamParserAccumulator.h; path = SBJson/SBJsonStreamParserAccumulator.h; sourceTree = "<group>"; };
		E1B56DF315AD5E2D00A78582 /* SBJsonStreamParserAccumulator.m */ = {isa = PBXFileReference; fileEncoding = 4; lastKnownFileType = sourcecode.c.objc; name = SBJsonStreamParserAccumulator.m; path = SBJson/SBJsonStreamParserAccumulator.m; sourceTree = "<group>"; };
		E1B56DF415AD5E2D00A78582 /* SBJsonStreamParserAdapter.h */ = {isa = PBXFileReference; fileEncoding = 4; lastKnownFileType = sourcecode.c.h; name = SBJsonStreamParserAdapter.h; path = SBJson/SBJsonStreamParserAdapter.h; sourceTree = "<group>"; };
		E1B56DF515AD5E2D00A78582 /* SBJsonStreamParserAdapter.m */ = {isa = PBXFileReference; fileEncoding = 4; lastKnownFileType = sourcecode.c.objc; name = SBJsonStreamParserAdapter.m; path = SBJson/SBJsonStreamParserAdapter.m; sourceTree = "<group>"; };
		E1B56DF615AD5E2D00A78582 /* SBJsonStreamParserState.h */ = {isa = PBXFileReference; fileEncoding = 4; lastKnownFileType = sourcecode.c.h; name = SBJsonStreamParserState.h; path = SBJson/SBJsonStreamParserState.h; sourceTree = "<group>"; };
		E1B56DF715AD5E2D00A78582 /* SBJsonStreamParserState.m */ = {isa = PBXFileReference; fileEncoding = 4; lastKnownFileType = sourcecode.c.objc; name = SBJsonStreamParserState.m; path = SBJson/SBJsonStreamParserState.m; sourceTree = "<group>"; };
		E1B56DF815AD5E2D00A78582 /* SBJsonStreamWriter.h */ = {isa = PBXFileReference; fileEncoding = 4; lastKnownFileType = sourcecode.c.h; name = SBJsonStreamWriter.h; path = SBJson/SBJsonStreamWriter.h; sourceTree = "<group>"; };
		E1B56DF915AD5E2D00A78582 /* SBJsonStreamWriter.m */ = {isa = PBXFileReference; fileEncoding = 4; lastKnownFileType = sourcecode.c.objc; name = SBJsonStreamWriter.m; path = SBJson/SBJsonStreamWriter.m; sourceTree = "<group>"; };
		E1B56DFA15AD5E2D00A78582 /* SBJsonStreamWriterAccumulator.h */ = {isa = PBXFileReference; fileEncoding = 4; lastKnownFileType = sourcecode.c.h; name = SBJsonStreamWriterAccumulator.h; path = SBJson/SBJsonStreamWriterAccumulator.h; sourceTree = "<group>"; };
		E1B56DFB15AD5E2D00A78582 /* SBJsonStreamWriterAccumulator.m */ = {isa = PBXFileReference; fileEncoding = 4; lastKnownFileType = sourcecode.c.objc; name = SBJsonStreamWriterAccumulator.m; path = SBJson/SBJsonStreamWriterAccumulator.m; sourceTree = "<group>"; };
		E1B56DFC15AD5E2D00A78582 /* SBJsonStreamWriterState.h */ = {isa = PBXFileReference; fileEncoding = 4; lastKnownFileType = sourcecode.c.h; name = SBJsonStreamWriterState.h; path = SBJson/SBJsonStreamWriterState.h; sourceTree = "<group>"; };
		E1B56DFD15AD5E2D00A78582 /* SBJsonStreamWriterState.m */ = {isa = PBXFileReference; fileEncoding = 4; lastKnownFileType = sourcecode.c.objc; name = SBJsonStreamWriterState.m; path = SBJson/SBJsonStreamWriterState.m; sourceTree = "<group>"; };
		E1B56DFE15AD5E2D00A78582 /* SBJsonTokeniser.h */ = {isa = PBXFileReference; fileEncoding = 4; lastKnownFileType = sourcecode.c.h; name = SBJsonTokeniser.h; path = SBJson/SBJsonTokeniser.h; sourceTree = "<group>"; };
		E1B56DFF15AD5E2D00A78582 /* SBJsonTokeniser.m */ = {isa = PBXFileReference; fileEncoding = 4; lastKnownFileType = sourcecode.c.objc; name = SBJsonTokeniser.m; path = SBJson/SBJsonTokeniser.m; sourceTree = "<group>"; };
		E1B56E0015AD5E2D00A78582 /* SBJsonUTF8Stream.h */ = {isa = PBXFileReference; fileEncoding = 4; lastKnownFileType = sourcecode.c.h; name = SBJsonUTF8Stream.h; path = SBJson/SBJsonUTF8Stream.h; sourceTree = "<group>"; };
		E1B56E0115AD5E2D00A78582 /* SBJsonUTF8Stream.m */ = {isa = PBXFileReference; fileEncoding = 4; lastKnownFileType = sourcecode.c.objc; name = SBJsonUTF8Stream.m; path = SBJson/SBJsonUTF8Stream.m; sourceTree = "<group>"; };
		E1B56E0215AD5E2D00A78582 /* SBJsonWriter.h */ = {isa = PBXFileReference; fileEncoding = 4; lastKnownFileType = sourcecode.c.h; name = SBJsonWriter.h; path = SBJson/SBJsonWriter.h; sourceTree = "<group>"; };
		E1B56E0315AD5E2D00A78582 /* SBJsonWriter.m */ = {isa = PBXFileReference; fileEncoding = 4; lastKnownFileType = sourcecode.c.objc; name = SBJsonWriter.m; path = SBJson/SBJsonWriter.m; sourceTree = "<group>"; };
		E1BCDAC315AAC184000F038E /* SignupViewController.h */ = {isa = PBXFileReference; fileEncoding = 4; lastKnownFileType = sourcecode.c.h; path = SignupViewController.h; sourceTree = "<group>"; };
		E1BCDAC415AAC184000F038E /* SignupViewController.m */ = {isa = PBXFileReference; fileEncoding = 4; lastKnownFileType = sourcecode.c.objc; path = SignupViewController.m; sourceTree = "<group>"; };
		E1BCDAC515AAC184000F038E /* SignupViewController.xib */ = {isa = PBXFileReference; fileEncoding = 4; lastKnownFileType = file.xib; path = SignupViewController.xib; sourceTree = "<group>"; };
		E1BCDACE15AB1BDC000F038E /* User.h */ = {isa = PBXFileReference; fileEncoding = 4; lastKnownFileType = sourcecode.c.h; path = User.h; sourceTree = "<group>"; };
		E1BCDACF15AB1BDC000F038E /* User.m */ = {isa = PBXFileReference; fileEncoding = 4; lastKnownFileType = sourcecode.c.objc; path = User.m; sourceTree = "<group>"; };
		E1F6EE9F15A88C2B00B8ABF7 /* ic_launcher.png */ = {isa = PBXFileReference; lastKnownFileType = image.png; path = ic_launcher.png; sourceTree = "<group>"; };
/* End PBXFileReference section */

/* Begin PBXFrameworksBuildPhase section */
		E137D93C15A867AF0004D8C2 /* Frameworks */ = {
			isa = PBXFrameworksBuildPhase;
			buildActionMask = 2147483647;
			files = (
				E137D94415A867AF0004D8C2 /* UIKit.framework in Frameworks */,
				E137D94615A867AF0004D8C2 /* Foundation.framework in Frameworks */,
				E137D94815A867AF0004D8C2 /* CoreGraphics.framework in Frameworks */,
			);
			runOnlyForDeploymentPostprocessing = 0;
		};
/* End PBXFrameworksBuildPhase section */

/* Begin PBXGroup section */
		E137D93415A867AF0004D8C2 = {
			isa = PBXGroup;
			children = (
				E1F6EE9F15A88C2B00B8ABF7 /* ic_launcher.png */,
				E137D94915A867AF0004D8C2 /* Geowall */,
				E137D94215A867AF0004D8C2 /* Frameworks */,
				E137D94015A867AF0004D8C2 /* Products */,
			);
			sourceTree = "<group>";
		};
		E137D94015A867AF0004D8C2 /* Products */ = {
			isa = PBXGroup;
			children = (
				E137D93F15A867AF0004D8C2 /* Geowall.app */,
			);
			name = Products;
			sourceTree = "<group>";
		};
		E137D94215A867AF0004D8C2 /* Frameworks */ = {
			isa = PBXGroup;
			children = (
				E1B56DBE15AD5D9900A78582 /* NSData_Base64 */,
				E137DFA615A876600004D8C2 /* SBJSON */,
				E137D94315A867AF0004D8C2 /* UIKit.framework */,
				E137D94515A867AF0004D8C2 /* Foundation.framework */,
				E137D94715A867AF0004D8C2 /* CoreGraphics.framework */,
			);
			name = Frameworks;
			sourceTree = "<group>";
		};
		E137D94915A867AF0004D8C2 /* Geowall */ = {
			isa = PBXGroup;
			children = (
				E15831E115AD610600A0DD33 /* images */,
				E137D97A15A86E0F0004D8C2 /* CommunicationController.h */,
				E137D97B15A86E0F0004D8C2 /* CommunicationController.m */,
				E137D95215A867AF0004D8C2 /* AppDelegate.h */,
				E137D95315A867AF0004D8C2 /* AppDelegate.m */,
				E137D95515A867AF0004D8C2 /* ViewController.h */,
				E137D95615A867AF0004D8C2 /* ViewController.m */,
				E137D95815A867AF0004D8C2 /* ViewController.xib */,
				E1BCDAC315AAC184000F038E /* SignupViewController.h */,
				E1BCDAC415AAC184000F038E /* SignupViewController.m */,
				E1BCDAC515AAC184000F038E /* SignupViewController.xib */,
				E137D94A15A867AF0004D8C2 /* Supporting Files */,
				E1BCDACE15AB1BDC000F038E /* User.h */,
				E1BCDACF15AB1BDC000F038E /* User.m */,
			);
			path = Geowall;
			sourceTree = "<group>";
		};
		E137D94A15A867AF0004D8C2 /* Supporting Files */ = {
			isa = PBXGroup;
			children = (
				E137D94B15A867AF0004D8C2 /* Geowall-Info.plist */,
				E137D94C15A867AF0004D8C2 /* InfoPlist.strings */,
				E137D94F15A867AF0004D8C2 /* main.m */,
				E137D95115A867AF0004D8C2 /* Geowall-Prefix.pch */,
			);
			name = "Supporting Files";
			sourceTree = "<group>";
		};
		E137DFA615A876600004D8C2 /* SBJSON */ = {
			isa = PBXGroup;
			children = (
				E1B56DEB15AD5E2D00A78582 /* NSObject+SBJson.h */,
				E1B56DEC15AD5E2D00A78582 /* NSObject+SBJson.m */,
				E1B56DED15AD5E2D00A78582 /* SBJson.h */,
				E1B56DEE15AD5E2D00A78582 /* SBJsonParser.h */,
				E1B56DEF15AD5E2D00A78582 /* SBJsonParser.m */,
				E1B56DF015AD5E2D00A78582 /* SBJsonStreamParser.h */,
				E1B56DF115AD5E2D00A78582 /* SBJsonStreamParser.m */,
				E1B56DF215AD5E2D00A78582 /* SBJsonStreamParserAccumulator.h */,
				E1B56DF315AD5E2D00A78582 /* SBJsonStreamParserAccumulator.m */,
				E1B56DF415AD5E2D00A78582 /* SBJsonStreamParserAdapter.h */,
				E1B56DF515AD5E2D00A78582 /* SBJsonStreamParserAdapter.m */,
				E1B56DF615AD5E2D00A78582 /* SBJsonStreamParserState.h */,
				E1B56DF715AD5E2D00A78582 /* SBJsonStreamParserState.m */,
				E1B56DF815AD5E2D00A78582 /* SBJsonStreamWriter.h */,
				E1B56DF915AD5E2D00A78582 /* SBJsonStreamWriter.m */,
				E1B56DFA15AD5E2D00A78582 /* SBJsonStreamWriterAccumulator.h */,
				E1B56DFB15AD5E2D00A78582 /* SBJsonStreamWriterAccumulator.m */,
				E1B56DFC15AD5E2D00A78582 /* SBJsonStreamWriterState.h */,
				E1B56DFD15AD5E2D00A78582 /* SBJsonStreamWriterState.m */,
				E1B56DFE15AD5E2D00A78582 /* SBJsonTokeniser.h */,
				E1B56DFF15AD5E2D00A78582 /* SBJsonTokeniser.m */,
				E1B56E0015AD5E2D00A78582 /* SBJsonUTF8Stream.h */,
				E1B56E0115AD5E2D00A78582 /* SBJsonUTF8Stream.m */,
				E1B56E0215AD5E2D00A78582 /* SBJsonWriter.h */,
				E1B56E0315AD5E2D00A78582 /* SBJsonWriter.m */,
			);
			name = SBJSON;
			path = Classes;
			sourceTree = "<group>";
		};
		E15831E115AD610600A0DD33 /* images */ = {
			isa = PBXGroup;
			children = (
				E15831E215AD610600A0DD33 /* account.png */,
				E15831E315AD610600A0DD33 /* accountsetting.png */,
				E15831E415AD610600A0DD33 /* calendar.png */,
				E15831E515AD610600A0DD33 /* camera.png */,
				E15831E615AD610600A0DD33 /* facebook.png */,
				E15831E715AD610600A0DD33 /* ic_launcher.png */,
				E15831E815AD610600A0DD33 /* image.png */,
				E15831E915AD610600A0DD33 /* logo.png */,
				E15831EA15AD610600A0DD33 /* logout.png */,
				E15831EB15AD610600A0DD33 /* logoview.png */,
				E15831EC15AD610600A0DD33 /* ravenna.png */,
				E15831ED15AD610600A0DD33 /* twitter.png */,
				E15831EE15AD610600A0DD33 /* updateimage.png */,
			);
			path = images;
			sourceTree = "<group>";
		};
		E1B56DBE15AD5D9900A78582 /* NSData_Base64 */ = {
			isa = PBXGroup;
			children = (
				E1B56DC515AD5D9900A78582 /* NSData+Base64.h */,
				E1B56DC615AD5D9900A78582 /* NSData+Base64.m */,
			);
			name = NSData_Base64;
			path = Classes/NSData_Base64;
			sourceTree = "<group>";
		};
/* End PBXGroup section */

/* Begin PBXNativeTarget section */
		E137D93E15A867AF0004D8C2 /* Geowall */ = {
			isa = PBXNativeTarget;
			buildConfigurationList = E137D95D15A867AF0004D8C2 /* Build configuration list for PBXNativeTarget "Geowall" */;
			buildPhases = (
				E137D93B15A867AF0004D8C2 /* Sources */,
				E137D93C15A867AF0004D8C2 /* Frameworks */,
				E137D93D15A867AF0004D8C2 /* Resources */,
			);
			buildRules = (
			);
			dependencies = (
			);
			name = Geowall;
			productName = Geowall;
			productReference = E137D93F15A867AF0004D8C2 /* Geowall.app */;
			productType = "com.apple.product-type.application";
		};
/* End PBXNativeTarget section */

/* Begin PBXProject section */
		E137D93615A867AF0004D8C2 /* Project object */ = {
			isa = PBXProject;
			attributes = {
				LastUpgradeCheck = 0430;
			};
			buildConfigurationList = E137D93915A867AF0004D8C2 /* Build configuration list for PBXProject "Geowall" */;
			compatibilityVersion = "Xcode 3.2";
			developmentRegion = English;
			hasScannedForEncodings = 0;
			knownRegions = (
				en,
			);
			mainGroup = E137D93415A867AF0004D8C2;
			productRefGroup = E137D94015A867AF0004D8C2 /* Products */;
			projectDirPath = "";
			projectRoot = "";
			targets = (
				E137D93E15A867AF0004D8C2 /* Geowall */,
			);
		};
/* End PBXProject section */

/* Begin PBXResourcesBuildPhase section */
		E137D93D15A867AF0004D8C2 /* Resources */ = {
			isa = PBXResourcesBuildPhase;
			buildActionMask = 2147483647;
			files = (
				E137D94E15A867AF0004D8C2 /* InfoPlist.strings in Resources */,
				E137D95A15A867AF0004D8C2 /* ViewController.xib in Resources */,
				E1F6EEA015A88C2B00B8ABF7 /* ic_launcher.png in Resources */,
				E1BCDAC715AAC184000F038E /* SignupViewController.xib in Resources */,
				E15831EF15AD610600A0DD33 /* account.png in Resources */,
				E15831F015AD610600A0DD33 /* accountsetting.png in Resources */,
				E15831F115AD610600A0DD33 /* calendar.png in Resources */,
				E15831F215AD610600A0DD33 /* camera.png in Resources */,
				E15831F315AD610600A0DD33 /* facebook.png in Resources */,
				E15831F415AD610600A0DD33 /* ic_launcher.png in Resources */,
				E15831F515AD610600A0DD33 /* image.png in Resources */,
				E15831F615AD610600A0DD33 /* logo.png in Resources */,
				E15831F715AD610600A0DD33 /* logout.png in Resources */,
				E15831F815AD610600A0DD33 /* logoview.png in Resources */,
				E15831F915AD610600A0DD33 /* ravenna.png in Resources */,
				E15831FA15AD610600A0DD33 /* twitter.png in Resources */,
				E15831FB15AD610600A0DD33 /* updateimage.png in Resources */,
			);
			runOnlyForDeploymentPostprocessing = 0;
		};
/* End PBXResourcesBuildPhase section */

/* Begin PBXSourcesBuildPhase section */
		E137D93B15A867AF0004D8C2 /* Sources */ = {
			isa = PBXSourcesBuildPhase;
			buildActionMask = 2147483647;
			files = (
				E137D95015A867AF0004D8C2 /* main.m in Sources */,
				E137D95415A867AF0004D8C2 /* AppDelegate.m in Sources */,
				E137D95715A867AF0004D8C2 /* ViewController.m in Sources */,
				E137D97C15A86E0F0004D8C2 /* CommunicationController.m in Sources */,
				E1BCDAC615AAC184000F038E /* SignupViewController.m in Sources */,
				E1BCDAD015AB1BDC000F038E /* User.m in Sources */,
				E1B56DCD15AD5D9900A78582 /* NSData+Base64.m in Sources */,
				E1B56E0415AD5E2D00A78582 /* NSObject+SBJson.m in Sources */,
				E1B56E0515AD5E2D00A78582 /* SBJsonParser.m in Sources */,
				E1B56E0615AD5E2D00A78582 /* SBJsonStreamParser.m in Sources */,
				E1B56E0715AD5E2D00A78582 /* SBJsonStreamParserAccumulator.m in Sources */,
				E1B56E0815AD5E2D00A78582 /* SBJsonStreamParserAdapter.m in Sources */,
				E1B56E0915AD5E2D00A78582 /* SBJsonStreamParserState.m in Sources */,
				E1B56E0A15AD5E2D00A78582 /* SBJsonStreamWriter.m in Sources */,
				E1B56E0B15AD5E2D00A78582 /* SBJsonStreamWriterAccumulator.m in Sources */,
				E1B56E0C15AD5E2D00A78582 /* SBJsonStreamWriterState.m in Sources */,
				E1B56E0D15AD5E2D00A78582 /* SBJsonTokeniser.m in Sources */,
				E1B56E0E15AD5E2D00A78582 /* SBJsonUTF8Stream.m in Sources */,
				E1B56E0F15AD5E2D00A78582 /* SBJsonWriter.m in Sources */,
			);
			runOnlyForDeploymentPostprocessing = 0;
		};
/* End PBXSourcesBuildPhase section */

/* Begin PBXVariantGroup section */
		E137D94C15A867AF0004D8C2 /* InfoPlist.strings */ = {
			isa = PBXVariantGroup;
			children = (
				E137D94D15A867AF0004D8C2 /* en */,
			);
			name = InfoPlist.strings;
			sourceTree = "<group>";
		};
		E137D95815A867AF0004D8C2 /* ViewController.xib */ = {
			isa = PBXVariantGroup;
			children = (
				E137D95915A867AF0004D8C2 /* en */,
			);
			name = ViewController.xib;
			sourceTree = "<group>";
		};
/* End PBXVariantGroup section */

/* Begin XCBuildConfiguration section */
		E137D95B15A867AF0004D8C2 /* Debug */ = {
			isa = XCBuildConfiguration;
			buildSettings = {
				ALWAYS_SEARCH_USER_PATHS = NO;
				ARCHS = "$(ARCHS_STANDARD_32_BIT)";
				"CODE_SIGN_IDENTITY[sdk=iphoneos*]" = "iPhone Developer";
				COPY_PHASE_STRIP = NO;
				GCC_C_LANGUAGE_STANDARD = gnu99;
				GCC_DYNAMIC_NO_PIC = NO;
				GCC_OPTIMIZATION_LEVEL = 0;
				GCC_PREPROCESSOR_DEFINITIONS = (
					"DEBUG=1",
					"$(inherited)",
				);
				GCC_SYMBOLS_PRIVATE_EXTERN = NO;
				GCC_VERSION = com.apple.compilers.llvm.clang.1_0;
				GCC_WARN_ABOUT_RETURN_TYPE = YES;
				GCC_WARN_UNINITIALIZED_AUTOS = YES;
				GCC_WARN_UNUSED_VARIABLE = YES;
				IPHONEOS_DEPLOYMENT_TARGET = 5.1;
				SDKROOT = iphoneos;
			};
			name = Debug;
		};
		E137D95C15A867AF0004D8C2 /* Release */ = {
			isa = XCBuildConfiguration;
			buildSettings = {
				ALWAYS_SEARCH_USER_PATHS = NO;
				ARCHS = "$(ARCHS_STANDARD_32_BIT)";
				"CODE_SIGN_IDENTITY[sdk=iphoneos*]" = "iPhone Developer";
				COPY_PHASE_STRIP = YES;
				GCC_C_LANGUAGE_STANDARD = gnu99;
				GCC_VERSION = com.apple.compilers.llvm.clang.1_0;
				GCC_WARN_ABOUT_RETURN_TYPE = YES;
				GCC_WARN_UNINITIALIZED_AUTOS = YES;
				GCC_WARN_UNUSED_VARIABLE = YES;
				IPHONEOS_DEPLOYMENT_TARGET = 5.1;
				OTHER_CFLAGS = "-DNS_BLOCK_ASSERTIONS=1";
				SDKROOT = iphoneos;
				VALIDATE_PRODUCT = YES;
			};
			name = Release;
		};
		E137D95E15A867AF0004D8C2 /* Debug */ = {
			isa = XCBuildConfiguration;
			buildSettings = {
				GCC_PRECOMPILE_PREFIX_HEADER = YES;
				GCC_PREFIX_HEADER = "Geowall/Geowall-Prefix.pch";
				INFOPLIST_FILE = "Geowall/Geowall-Info.plist";
				PRODUCT_NAME = "$(TARGET_NAME)";
				WRAPPER_EXTENSION = app;
			};
			name = Debug;
		};
		E137D95F15A867AF0004D8C2 /* Release */ = {
			isa = XCBuildConfiguration;
			buildSettings = {
				GCC_PRECOMPILE_PREFIX_HEADER = YES;
				GCC_PREFIX_HEADER = "Geowall/Geowall-Prefix.pch";
				INFOPLIST_FILE = "Geowall/Geowall-Info.plist";
				PRODUCT_NAME = "$(TARGET_NAME)";
				WRAPPER_EXTENSION = app;
			};
			name = Release;
		};
/* End XCBuildConfiguration section */

/* Begin XCConfigurationList section */
		E137D93915A867AF0004D8C2 /* Build configuration list for PBXProject "Geowall" */ = {
			isa = XCConfigurationList;
			buildConfigurations = (
				E137D95B15A867AF0004D8C2 /* Debug */,
				E137D95C15A867AF0004D8C2 /* Release */,
			);
			defaultConfigurationIsVisible = 0;
			defaultConfigurationName = Release;
		};
		E137D95D15A867AF0004D8C2 /* Build configuration list for PBXNativeTarget "Geowall" */ = {
			isa = XCConfigurationList;
			buildConfigurations = (
				E137D95E15A867AF0004D8C2 /* Debug */,
				E137D95F15A867AF0004D8C2 /* Release */,
			);
			defaultConfigurationIsVisible = 0;
			defaultConfigurationName = Release;
		};
/* End XCConfigurationList section */
	};
	rootObject = E137D93615A867AF0004D8C2 /* Project object */;
}
